
Microsoft Visual Studio Solution File, Format Version 12.00
# Visual Studio 15
VisualStudioVersion = 15.0.27004.2002
MinimumVisualStudioVersion = 10.0.40219.1
Project("{6EC3EE1D-3C4E-46DD-8F32-0CC8E7565705}") = "HttpTriggerCore", "HttpTriggerCore\HttpTriggerCore.fsproj", "{C20946E4-7753-4661-A16A-899A04DFA8BA}"
EndProject
Global
	GlobalSection(SolutionConfigurationPlatforms) = preSolution
		Debug|Any CPU = Debug|Any CPU
		Release|Any CPU = Release|Any CPU
	EndGlobalSection
	GlobalSection(ProjectConfigurationPlatforms) = postSolution
		{C20946E4-7753-4661-A16A-899A04DFA8BA}.Debug|Any CPU.ActiveCfg = Debug|Any CPU
		{C20946E4-7753-4661-A16A-899A04DFA8BA}.Debug|Any CPU.Build.0 = Debug|Any CPU
		{C20946E4-7753-4661-A16A-899A04DFA8BA}.Release|Any CPU.ActiveCfg = Release|Any CPU
		{C20946E4-7753-4661-A16A-899A04DFA8BA}.Release|Any CPU.Build.0 = Release|Any CPU
	EndGlobalSection
	GlobalSection(SolutionProperties) = preSolution
		HideSolutionNode = FALSE
	EndGlobalSection
	GlobalSection(ExtensibilityGlobals) = postSolution
		SolutionGuid = {A45D3FCA-86DE-48D8-8415-5F227189F57E}
	EndGlobalSection
EndGlobal
